
Microsoft Visual Studio Solution File, Format Version 12.00
# Visual Studio Version 17
VisualStudioVersion = 17.13.35825.156 d17.13
MinimumVisualStudioVersion = 10.0.40219.1
Project("{FAE04EC0-301F-11D3-BF4B-00C04F79EFBC}") = "Quicksort", "Quicksort\Quicksort.csproj", "{C52FE8DE-0639-4AD1-B22D-C9FEC16C1198}"
EndProject
Global
	GlobalSection(SolutionConfigurationPlatforms) = preSolution
		Debug|Any CPU = Debug|Any CPU
		Release|Any CPU = Release|Any CPU
	EndGlobalSection
	GlobalSection(ProjectConfigurationPlatforms) = postSolution
		{C52FE8DE-0639-4AD1-B22D-C9FEC16C1198}.Debug|Any CPU.ActiveCfg = Debug|Any CPU
		{C52FE8DE-0639-4AD1-B22D-C9FEC16C1198}.Debug|Any CPU.Build.0 = Debug|Any CPU
		{C52FE8DE-0639-4AD1-B22D-C9FEC16C1198}.Release|Any CPU.ActiveCfg = Release|Any CPU
		{C52FE8DE-0639-4AD1-B22D-C9FEC16C1198}.Release|Any CPU.Build.0 = Release|Any CPU
	EndGlobalSection
	GlobalSection(SolutionProperties) = preSolution
		HideSolutionNode = FALSE
	EndGlobalSection
	GlobalSection(ExtensibilityGlobals) = postSolution
		SolutionGuid = {80849A49-66E8-4870-AE98-A36EA50A2352}
	EndGlobalSection
EndGlobal
