
Microsoft Visual Studio Solution File, Format Version 12.00
# Visual Studio Version 17
VisualStudioVersion = 17.13.35825.156 d17.13
MinimumVisualStudioVersion = 10.0.40219.1
Project("{FAE04EC0-301F-11D3-BF4B-00C04F79EFBC}") = "SimpleErrorHandle", "SimpleErrorHandle\SimpleErrorHandle.csproj", "{69C2AE13-829C-404A-8AA5-A3187A5FFB93}"
EndProject
Global
	GlobalSection(SolutionConfigurationPlatforms) = preSolution
		Debug|Any CPU = Debug|Any CPU
		Release|Any CPU = Release|Any CPU
	EndGlobalSection
	GlobalSection(ProjectConfigurationPlatforms) = postSolution
		{69C2AE13-829C-404A-8AA5-A3187A5FFB93}.Debug|Any CPU.ActiveCfg = Debug|Any CPU
		{69C2AE13-829C-404A-8AA5-A3187A5FFB93}.Debug|Any CPU.Build.0 = Debug|Any CPU
		{69C2AE13-829C-404A-8AA5-A3187A5FFB93}.Release|Any CPU.ActiveCfg = Release|Any CPU
		{69C2AE13-829C-404A-8AA5-A3187A5FFB93}.Release|Any CPU.Build.0 = Release|Any CPU
	EndGlobalSection
	GlobalSection(SolutionProperties) = preSolution
		HideSolutionNode = FALSE
	EndGlobalSection
	GlobalSection(ExtensibilityGlobals) = postSolution
		SolutionGuid = {FA8BF4FF-7335-49AD-A4FE-8D5C3C285511}
	EndGlobalSection
EndGlobal
