
Microsoft Visual Studio Solution File, Format Version 12.00
# Visual Studio Version 17
VisualStudioVersion = 17.13.35825.156 d17.13
MinimumVisualStudioVersion = 10.0.40219.1
Project("{FAE04EC0-301F-11D3-BF4B-00C04F79EFBC}") = "ConsoleApp2", "ConsoleApp2\ConsoleApp2.csproj", "{FDC02D0F-FFAB-4B1F-9E75-9B3A3921B7F4}"
EndProject
Global
	GlobalSection(SolutionConfigurationPlatforms) = preSolution
		Debug|Any CPU = Debug|Any CPU
		Release|Any CPU = Release|Any CPU
	EndGlobalSection
	GlobalSection(ProjectConfigurationPlatforms) = postSolution
		{FDC02D0F-FFAB-4B1F-9E75-9B3A3921B7F4}.Debug|Any CPU.ActiveCfg = Debug|Any CPU
		{FDC02D0F-FFAB-4B1F-9E75-9B3A3921B7F4}.Debug|Any CPU.Build.0 = Debug|Any CPU
		{FDC02D0F-FFAB-4B1F-9E75-9B3A3921B7F4}.Release|Any CPU.ActiveCfg = Release|Any CPU
		{FDC02D0F-FFAB-4B1F-9E75-9B3A3921B7F4}.Release|Any CPU.Build.0 = Release|Any CPU
	EndGlobalSection
	GlobalSection(SolutionProperties) = preSolution
		HideSolutionNode = FALSE
	EndGlobalSection
	GlobalSection(ExtensibilityGlobals) = postSolution
		SolutionGuid = {D949CDDB-87CE-431F-85E1-DE1EAA2827D4}
	EndGlobalSection
EndGlobal
