
Microsoft Visual Studio Solution File, Format Version 12.00
# Visual Studio Version 17
VisualStudioVersion = 17.13.35825.156 d17.13
MinimumVisualStudioVersion = 10.0.40219.1
Project("{FAE04EC0-301F-11D3-BF4B-00C04F79EFBC}") = "SimpleMethod", "SimpleMethod\SimpleMethod.csproj", "{CCAC5E66-D550-403B-832A-073185719BDE}"
EndProject
Global
	GlobalSection(SolutionConfigurationPlatforms) = preSolution
		Debug|Any CPU = Debug|Any CPU
		Release|Any CPU = Release|Any CPU
	EndGlobalSection
	GlobalSection(ProjectConfigurationPlatforms) = postSolution
		{CCAC5E66-D550-403B-832A-073185719BDE}.Debug|Any CPU.ActiveCfg = Debug|Any CPU
		{CCAC5E66-D550-403B-832A-073185719BDE}.Debug|Any CPU.Build.0 = Debug|Any CPU
		{CCAC5E66-D550-403B-832A-073185719BDE}.Release|Any CPU.ActiveCfg = Release|Any CPU
		{CCAC5E66-D550-403B-832A-073185719BDE}.Release|Any CPU.Build.0 = Release|Any CPU
	EndGlobalSection
	GlobalSection(SolutionProperties) = preSolution
		HideSolutionNode = FALSE
	EndGlobalSection
	GlobalSection(ExtensibilityGlobals) = postSolution
		SolutionGuid = {89E2D847-9281-4550-8D96-4423C5615D05}
	EndGlobalSection
EndGlobal
