
Microsoft Visual Studio Solution File, Format Version 12.00
# Visual Studio Version 17
VisualStudioVersion = 17.13.35825.156 d17.13
MinimumVisualStudioVersion = 10.0.40219.1
Project("{FAE04EC0-301F-11D3-BF4B-00C04F79EFBC}") = "ClassExamples1", "ClassExamples1\ClassExamples1.csproj", "{FB745CD4-8CBA-452B-B657-96566F2E4D14}"
EndProject
Global
	GlobalSection(SolutionConfigurationPlatforms) = preSolution
		Debug|Any CPU = Debug|Any CPU
		Release|Any CPU = Release|Any CPU
	EndGlobalSection
	GlobalSection(ProjectConfigurationPlatforms) = postSolution
		{FB745CD4-8CBA-452B-B657-96566F2E4D14}.Debug|Any CPU.ActiveCfg = Debug|Any CPU
		{FB745CD4-8CBA-452B-B657-96566F2E4D14}.Debug|Any CPU.Build.0 = Debug|Any CPU
		{FB745CD4-8CBA-452B-B657-96566F2E4D14}.Release|Any CPU.ActiveCfg = Release|Any CPU
		{FB745CD4-8CBA-452B-B657-96566F2E4D14}.Release|Any CPU.Build.0 = Release|Any CPU
	EndGlobalSection
	GlobalSection(SolutionProperties) = preSolution
		HideSolutionNode = FALSE
	EndGlobalSection
	GlobalSection(ExtensibilityGlobals) = postSolution
		SolutionGuid = {694B3AC5-D4FC-477F-80A4-5B29DB36788E}
	EndGlobalSection
EndGlobal
