
Microsoft Visual Studio Solution File, Format Version 12.00
# Visual Studio Version 17
VisualStudioVersion = 17.13.35825.156 d17.13
MinimumVisualStudioVersion = 10.0.40219.1
Project("{FAE04EC0-301F-11D3-BF4B-00C04F79EFBC}") = "DotProduct", "DotProduct\DotProduct.csproj", "{668E3830-536E-49C6-B80F-758346AB0D37}"
EndProject
Global
	GlobalSection(SolutionConfigurationPlatforms) = preSolution
		Debug|Any CPU = Debug|Any CPU
		Release|Any CPU = Release|Any CPU
	EndGlobalSection
	GlobalSection(ProjectConfigurationPlatforms) = postSolution
		{668E3830-536E-49C6-B80F-758346AB0D37}.Debug|Any CPU.ActiveCfg = Debug|Any CPU
		{668E3830-536E-49C6-B80F-758346AB0D37}.Debug|Any CPU.Build.0 = Debug|Any CPU
		{668E3830-536E-49C6-B80F-758346AB0D37}.Release|Any CPU.ActiveCfg = Release|Any CPU
		{668E3830-536E-49C6-B80F-758346AB0D37}.Release|Any CPU.Build.0 = Release|Any CPU
	EndGlobalSection
	GlobalSection(SolutionProperties) = preSolution
		HideSolutionNode = FALSE
	EndGlobalSection
	GlobalSection(ExtensibilityGlobals) = postSolution
		SolutionGuid = {B47150B4-780A-4486-96D1-1EBB4B2C765A}
	EndGlobalSection
EndGlobal
