
Microsoft Visual Studio Solution File, Format Version 12.00
# Visual Studio Version 17
VisualStudioVersion = 17.13.35825.156 d17.13
MinimumVisualStudioVersion = 10.0.40219.1
Project("{FAE04EC0-301F-11D3-BF4B-00C04F79EFBC}") = "Meshgrid_Sampling", "Meshgrid_Sampling\Meshgrid_Sampling.csproj", "{AE287AB8-8F65-492E-B1A3-C1F01175DF13}"
EndProject
Global
	GlobalSection(SolutionConfigurationPlatforms) = preSolution
		Debug|Any CPU = Debug|Any CPU
		Release|Any CPU = Release|Any CPU
	EndGlobalSection
	GlobalSection(ProjectConfigurationPlatforms) = postSolution
		{AE287AB8-8F65-492E-B1A3-C1F01175DF13}.Debug|Any CPU.ActiveCfg = Debug|Any CPU
		{AE287AB8-8F65-492E-B1A3-C1F01175DF13}.Debug|Any CPU.Build.0 = Debug|Any CPU
		{AE287AB8-8F65-492E-B1A3-C1F01175DF13}.Release|Any CPU.ActiveCfg = Release|Any CPU
		{AE287AB8-8F65-492E-B1A3-C1F01175DF13}.Release|Any CPU.Build.0 = Release|Any CPU
	EndGlobalSection
	GlobalSection(SolutionProperties) = preSolution
		HideSolutionNode = FALSE
	EndGlobalSection
	GlobalSection(ExtensibilityGlobals) = postSolution
		SolutionGuid = {112FC432-F4D5-4123-B857-77D5C66E2796}
	EndGlobalSection
EndGlobal
